PODS:
  - ReactiveObjC (3.0.0)

DEPENDENCIES:
  - ReactiveObjC (~> 3.0.0)

SPEC REPOS:
  https://github.com/cocoapods/specs.git:
    - ReactiveObjC

SPEC CHECKSUMS:
  ReactiveObjC: ce79989e8684b9086b5f8d0c74bc7b81a8729c9e

PODFILE CHECKSUM: d5e1e0f7bafd5f13ff7acf9e2ed79a8db3d122c9

COCOAPODS: 1.5.3
